// !$*UTF8*$!
{
	archiveVersion = 1;
	classes = {
	};
	objectVersion = 46;
	objects = {

/* Begin PBXBuildFile section */
		1405ABBD1FD9898200115275 /* FourthViewController.m in Sources */ = {isa = PBXBuildFile; fileRef = 1405ABBC1FD9898200115275 /* FourthViewController.m */; };
		4345BD7B1FDAAE1F0011D3F1 /* FifthViewController.m in Sources */ = {isa = PBXBuildFile; fileRef = 4345BD7A1FDAAE1F0011D3F1 /* FifthViewController.m */; };
		43C783E11FD71C2B0074C5D5 /* main.m in Sources */ = {isa = PBXBuildFile; fileRef = 43C783E01FD71C2B0074C5D5 /* main.m */; };
		43C783E41FD71C2B0074C5D5 /* AppDelegate.m in Sources */ = {isa = PBXBuildFile; fileRef = 43C783E31FD71C2B0074C5D5 /* AppDelegate.m */; };
		43C783E71FD71C2B0074C5D5 /* FirstViewController.m in Sources */ = {isa = PBXBuildFile; fileRef = 43C783E61FD71C2B0074C5D5 /* FirstViewController.m */; };
		43C783EA1FD71C2B0074C5D5 /* SecondViewController.m in Sources */ = {isa = PBXBuildFile; fileRef = 43C783E91FD71C2B0074C5D5 /* SecondViewController.m */; };
		43C783ED1FD71C2B0074C5D5 /* Main.storyboard in Resources */ = {isa = PBXBuildFile; fileRef = 43C783EB1FD71C2B0074C5D5 /* Main.storyboard */; };
		43C783EF1FD71C2B0074C5D5 /* Assets.xcassets in Resources */ = {isa = PBXBuildFile; fileRef = 43C783EE1FD71C2B0074C5D5 /* Assets.xcassets */; };
		43C783F21FD71C2B0074C5D5 /* LaunchScreen.storyboard in Resources */ = {isa = PBXBuildFile; fileRef = 43C783F01FD71C2B0074C5D5 /* LaunchScreen.storyboard */; };
		43C783FD1FD71C2B0074C5D5 /* BudgetAppTests.m in Sources */ = {isa = PBXBuildFile; fileRef = 43C783FC1FD71C2B0074C5D5 /* BudgetAppTests.m */; };
		43C784081FD71C2B0074C5D5 /* BudgetAppUITests.m in Sources */ = {isa = PBXBuildFile; fileRef = 43C784071FD71C2B0074C5D5 /* BudgetAppUITests.m */; };
		43C784171FD7234C0074C5D5 /* ThirdViewController.m in Sources */ = {isa = PBXBuildFile; fileRef = 43C784161FD7234C0074C5D5 /* ThirdViewController.m */; };
/* End PBXBuildFile section */

/* Begin PBXContainerItemProxy section */
		43C783F91FD71C2B0074C5D5 /* PBXContainerItemProxy */ = {
			isa = PBXContainerItemProxy;
			containerPortal = 43C783D41FD71C2B0074C5D5 /* Project object */;
			proxyType = 1;
			remoteGlobalIDString = 43C783DB1FD71C2B0074C5D5;
			remoteInfo = BudgetApp;
		};
		43C784041FD71C2B0074C5D5 /* PBXContainerItemProxy */ = {
			isa = PBXContainerItemProxy;
			containerPortal = 43C783D41FD71C2B0074C5D5 /* Project object */;
			proxyType = 1;
			remoteGlobalIDString = 43C783DB1FD71C2B0074C5D5;
			remoteInfo = BudgetApp;
		};
/* End PBXContainerItemProxy section */

/* Begin PBXFileReference section */
		1405ABBB1FD9898200115275 /* FourthViewController.h */ = {isa = PBXFileReference; lastKnownFileType = sourcecode.c.h; path = FourthViewController.h; sourceTree = "<group>"; };
		1405ABBC1FD9898200115275 /* FourthViewController.m */ = {isa = PBXFileReference; lastKnownFileType = sourcecode.c.objc; path = FourthViewController.m; sourceTree = "<group>"; };
		4345BD791FDAAE1F0011D3F1 /* FifthViewController.h */ = {isa = PBXFileReference; fileEncoding = 4; lastKnownFileType = sourcecode.c.h; path = FifthViewController.h; sourceTree = "<group>"; };
		4345BD7A1FDAAE1F0011D3F1 /* FifthViewController.m */ = {isa = PBXFileReference; fileEncoding = 4; lastKnownFileType = sourcecode.c.objc; path = FifthViewController.m; sourceTree = "<group>"; };
		43C783DC1FD71C2B0074C5D5 /* BudgetApp.app */ = {isa = PBXFileReference; explicitFileType = wrapper.application; includeInIndex = 0; path = BudgetApp.app; sourceTree = BUILT_PRODUCTS_DIR; };
		43C783E01FD71C2B0074C5D5 /* main.m */ = {isa = PBXFileReference; lastKnownFileType = sourcecode.c.objc; path = main.m; sourceTree = "<group>"; };
		43C783E21FD71C2B0074C5D5 /* AppDelegate.h */ = {isa = PBXFileReference; lastKnownFileType = sourcecode.c.h; path = AppDelegate.h; sourceTree = "<group>"; };
		43C783E31FD71C2B0074C5D5 /* AppDelegate.m */ = {isa = PBXFileReference; lastKnownFileType = sourcecode.c.objc; path = AppDelegate.m; sourceTree = "<group>"; };
		43C783E51FD71C2B0074C5D5 /* FirstViewController.h */ = {isa = PBXFileReference; lastKnownFileType = sourcecode.c.h; path = FirstViewController.h; sourceTree = "<group>"; };
		43C783E61FD71C2B0074C5D5 /* FirstViewController.m */ = {isa = PBXFileReference; lastKnownFileType = sourcecode.c.objc; path = FirstViewController.m; sourceTree = "<group>"; };
		43C783E81FD71C2B0074C5D5 /* SecondViewController.h */ = {isa = PBXFileReference; lastKnownFileType = sourcecode.c.h; path = SecondViewController.h; sourceTree = "<group>"; };
		43C783E91FD71C2B0074C5D5 /* SecondViewController.m */ = {isa = PBXFileReference; lastKnownFileType = sourcecode.c.objc; path = SecondViewController.m; sourceTree = "<group>"; };
		43C783EC1FD71C2B0074C5D5 /* Base */ = {isa = PBXFileReference; lastKnownFileType = file.storyboard; name = Base; path = Base.lproj/Main.storyboard; sourceTree = "<group>"; };
		43C783EE1FD71C2B0074C5D5 /* Assets.xcassets */ = {isa = PBXFileReference; lastKnownFileType = folder.assetcatalog; path = Assets.xcassets; sourceTree = "<group>"; };
		43C783F11FD71C2B0074C5D5 /* Base */ = {isa = PBXFileReference; lastKnownFileType = file.storyboard; name = Base; path = Base.lproj/LaunchScreen.storyboard; sourceTree = "<group>"; };
		43C783F31FD71C2B0074C5D5 /* Info.plist */ = {isa = PBXFileReference; lastKnownFileType = text.plist.xml; path = Info.plist; sourceTree = "<group>"; };
		43C783F81FD71C2B0074C5D5 /* BudgetAppTests.xctest */ = {isa = PBXFileReference; explicitFileType = wrapper.cfbundle; includeInIndex = 0; path = BudgetAppTests.xctest; sourceTree = BUILT_PRODUCTS_DIR; };
		43C783FC1FD71C2B0074C5D5 /* BudgetAppTests.m */ = {isa = PBXFileReference; lastKnownFileType = sourcecode.c.objc; path = BudgetAppTests.m; sourceTree = "<group>"; };
		43C783FE1FD71C2B0074C5D5 /* Info.plist */ = {isa = PBXFileReference; lastKnownFileType = text.plist.xml; path = Info.plist; sourceTree = "<group>"; };
		43C784031FD71C2B0074C5D5 /* BudgetAppUITests.xctest */ = {isa = PBXFileReference; explicitFileType = wrapper.cfbundle; includeInIndex = 0; path = BudgetAppUITests.xctest; sourceTree = BUILT_PRODUCTS_DIR; };
		43C784071FD71C2B0074C5D5 /* BudgetAppUITests.m */ = {isa = PBXFileReference; lastKnownFileType = sourcecode.c.objc; path = BudgetAppUITests.m; sourceTree = "<group>"; };
		43C784091FD71C2B0074C5D5 /* Info.plist */ = {isa = PBXFileReference; lastKnownFileType = text.plist.xml; path = Info.plist; sourceTree = "<group>"; };
		43C784151FD7234C0074C5D5 /* ThirdViewController.h */ = {isa = PBXFileReference; fileEncoding = 4; lastKnownFileType = sourcecode.c.h; path = ThirdViewController.h; sourceTree = "<group>"; };
		43C784161FD7234C0074C5D5 /* ThirdViewController.m */ = {isa = PBXFileReference; fileEncoding = 4; lastKnownFileType = sourcecode.c.objc; path = ThirdViewController.m; sourceTree = "<group>"; };
/* End PBXFileReference section */

/* Begin PBXFrameworksBuildPhase section */
		43C783D91FD71C2B0074C5D5 /* Frameworks */ = {
			isa = PBXFrameworksBuildPhase;
			buildActionMask = 2147483647;
			files = (
			);
			runOnlyForDeploymentPostprocessing = 0;
		};
		43C783F51FD71C2B0074C5D5 /* Frameworks */ = {
			isa = PBXFrameworksBuildPhase;
			buildActionMask = 2147483647;
			files = (
			);
			runOnlyForDeploymentPostprocessing = 0;
		};
		43C784001FD71C2B0074C5D5 /* Frameworks */ = {
			isa = PBXFrameworksBuildPhase;
			buildActionMask = 2147483647;
			files = (
			);
			runOnlyForDeploymentPostprocessing = 0;
		};
/* End PBXFrameworksBuildPhase section */

/* Begin PBXGroup section */
		43C783D31FD71C2B0074C5D5 = {
			isa = PBXGroup;
			children = (
				43C783DE1FD71C2B0074C5D5 /* BudgetApp */,
				43C783FB1FD71C2B0074C5D5 /* BudgetAppTests */,
				43C784061FD71C2B0074C5D5 /* BudgetAppUITests */,
				43C783DD1FD71C2B0074C5D5 /* Products */,
			);
			sourceTree = "<group>";
		};
		43C783DD1FD71C2B0074C5D5 /* Products */ = {
			isa = PBXGroup;
			children = (
				43C783DC1FD71C2B0074C5D5 /* BudgetApp.app */,
				43C783F81FD71C2B0074C5D5 /* BudgetAppTests.xctest */,
				43C784031FD71C2B0074C5D5 /* BudgetAppUITests.xctest */,
			);
			name = Products;
			sourceTree = "<group>";
		};
		43C783DE1FD71C2B0074C5D5 /* BudgetApp */ = {
			isa = PBXGroup;
			children = (
				43C783E21FD71C2B0074C5D5 /* AppDelegate.h */,
				43C783E31FD71C2B0074C5D5 /* AppDelegate.m */,
				43C783E51FD71C2B0074C5D5 /* FirstViewController.h */,
				43C783E61FD71C2B0074C5D5 /* FirstViewController.m */,
				43C783E81FD71C2B0074C5D5 /* SecondViewController.h */,
				43C783E91FD71C2B0074C5D5 /* SecondViewController.m */,
				43C784151FD7234C0074C5D5 /* ThirdViewController.h */,
				43C784161FD7234C0074C5D5 /* ThirdViewController.m */,
				1405ABBB1FD9898200115275 /* FourthViewController.h */,
				1405ABBC1FD9898200115275 /* FourthViewController.m */,
				4345BD791FDAAE1F0011D3F1 /* FifthViewController.h */,
				4345BD7A1FDAAE1F0011D3F1 /* FifthViewController.m */,
				43C783EB1FD71C2B0074C5D5 /* Main.storyboard */,
				43C783EE1FD71C2B0074C5D5 /* Assets.xcassets */,
				43C783F01FD71C2B0074C5D5 /* LaunchScreen.storyboard */,
				43C783F31FD71C2B0074C5D5 /* Info.plist */,
				43C783DF1FD71C2B0074C5D5 /* Supporting Files */,
			);
			path = BudgetApp;
			sourceTree = "<group>";
		};
		43C783DF1FD71C2B0074C5D5 /* Supporting Files */ = {
			isa = PBXGroup;
			children = (
				43C783E01FD71C2B0074C5D5 /* main.m */,
			);
			name = "Supporting Files";
			sourceTree = "<group>";
		};
		43C783FB1FD71C2B0074C5D5 /* BudgetAppTests */ = {
			isa = PBXGroup;
			children = (
				43C783FC1FD71C2B0074C5D5 /* BudgetAppTests.m */,
				43C783FE1FD71C2B0074C5D5 /* Info.plist */,
			);
			path = BudgetAppTests;
			sourceTree = "<group>";
		};
		43C784061FD71C2B0074C5D5 /* BudgetAppUITests */ = {
			isa = PBXGroup;
			children = (
				43C784071FD71C2B0074C5D5 /* BudgetAppUITests.m */,
				43C784091FD71C2B0074C5D5 /* Info.plist */,
			);
			path = BudgetAppUITests;
			sourceTree = "<group>";
		};
/* End PBXGroup section */

/* Begin PBXNativeTarget section */
		43C783DB1FD71C2B0074C5D5 /* BudgetApp */ = {
			isa = PBXNativeTarget;
			buildConfigurationList = 43C7840C1FD71C2B0074C5D5 /* Build configuration list for PBXNativeTarget "BudgetApp" */;
			buildPhases = (
				43C783D81FD71C2B0074C5D5 /* Sources */,
				43C783D91FD71C2B0074C5D5 /* Frameworks */,
				43C783DA1FD71C2B0074C5D5 /* Resources */,
			);
			buildRules = (
			);
			dependencies = (
			);
			name = BudgetApp;
			productName = BudgetApp;
			productReference = 43C783DC1FD71C2B0074C5D5 /* BudgetApp.app */;
			productType = "com.apple.product-type.application";
		};
		43C783F71FD71C2B0074C5D5 /* BudgetAppTests */ = {
			isa = PBXNativeTarget;
			buildConfigurationList = 43C7840F1FD71C2B0074C5D5 /* Build configuration list for PBXNativeTarget "BudgetAppTests" */;
			buildPhases = (
				43C783F41FD71C2B0074C5D5 /* Sources */,
				43C783F51FD71C2B0074C5D5 /* Frameworks */,
				43C783F61FD71C2B0074C5D5 /* Resources */,
			);
			buildRules = (
			);
			dependencies = (
				43C783FA1FD71C2B0074C5D5 /* PBXTargetDependency */,
			);
			name = BudgetAppTests;
			productName = BudgetAppTests;
			productReference = 43C783F81FD71C2B0074C5D5 /* BudgetAppTests.xctest */;
			productType = "com.apple.product-type.bundle.unit-test";
		};
		43C784021FD71C2B0074C5D5 /* BudgetAppUITests */ = {
			isa = PBXNativeTarget;
			buildConfigurationList = 43C784121FD71C2B0074C5D5 /* Build configuration list for PBXNativeTarget "BudgetAppUITests" */;
			buildPhases = (
				43C783FF1FD71C2B0074C5D5 /* Sources */,
				43C784001FD71C2B0074C5D5 /* Frameworks */,
				43C784011FD71C2B0074C5D5 /* Resources */,
			);
			buildRules = (
			);
			dependencies = (
				43C784051FD71C2B0074C5D5 /* PBXTargetDependency */,
			);
			name = BudgetAppUITests;
			productName = BudgetAppUITests;
			productReference = 43C784031FD71C2B0074C5D5 /* BudgetAppUITests.xctest */;
			productType = "com.apple.product-type.bundle.ui-testing";
		};
/* End PBXNativeTarget section */

/* Begin PBXProject section */
		43C783D41FD71C2B0074C5D5 /* Project object */ = {
			isa = PBXProject;
			attributes = {
				LastUpgradeCheck = 0800;
				ORGANIZATIONNAME = "Abhraneel Sen [fy15as]";
				TargetAttributes = {
					43C783DB1FD71C2B0074C5D5 = {
						CreatedOnToolsVersion = 8.0;
						ProvisioningStyle = Automatic;
					};
					43C783F71FD71C2B0074C5D5 = {
						CreatedOnToolsVersion = 8.0;
						ProvisioningStyle = Automatic;
						TestTargetID = 43C783DB1FD71C2B0074C5D5;
					};
					43C784021FD71C2B0074C5D5 = {
						CreatedOnToolsVersion = 8.0;
						ProvisioningStyle = Automatic;
						TestTargetID = 43C783DB1FD71C2B0074C5D5;
					};
				};
			};
			buildConfigurationList = 43C783D71FD71C2B0074C5D5 /* Build configuration list for PBXProject "BudgetApp" */;
			compatibilityVersion = "Xcode 3.2";
			developmentRegion = English;
			hasScannedForEncodings = 0;
			knownRegions = (
				en,
				Base,
			);
			mainGroup = 43C783D31FD71C2B0074C5D5;
			productRefGroup = 43C783DD1FD71C2B0074C5D5 /* Products */;
			projectDirPath = "";
			projectRoot = "";
			targets = (
				43C783DB1FD71C2B0074C5D5 /* BudgetApp */,
				43C783F71FD71C2B0074C5D5 /* BudgetAppTests */,
				43C784021FD71C2B0074C5D5 /* BudgetAppUITests */,
			);
		};
/* End PBXProject section */

/* Begin PBXResourcesBuildPhase section */
		43C783DA1FD71C2B0074C5D5 /* Resources */ = {
			isa = PBXResourcesBuildPhase;
			buildActionMask = 2147483647;
			files = (
				43C783F21FD71C2B0074C5D5 /* LaunchScreen.storyboard in Resources */,
				43C783EF1FD71C2B0074C5D5 /* Assets.xcassets in Resources */,
				43C783ED1FD71C2B0074C5D5 /* Main.storyboard in Resources */,
			);
			runOnlyForDeploymentPostprocessing = 0;
		};
		43C783F61FD71C2B0074C5D5 /* Resources */ = {
			isa = PBXResourcesBuildPhase;
			buildActionMask = 2147483647;
			files = (
			);
			runOnlyForDeploymentPostprocessing = 0;
		};
		43C784011FD71C2B0074C5D5 /* Resources */ = {
			isa = PBXResourcesBuildPhase;
			buildActionMask = 2147483647;
			files = (
			);
			runOnlyForDeploymentPostprocessing = 0;
		};
/* End PBXResourcesBuildPhase section */

/* Begin PBXSourcesBuildPhase section */
		43C783D81FD71C2B0074C5D5 /* Sources */ = {
			isa = PBXSourcesBuildPhase;
			buildActionMask = 2147483647;
			files = (
				43C783EA1FD71C2B0074C5D5 /* SecondViewController.m in Sources */,
				43C784171FD7234C0074C5D5 /* ThirdViewController.m in Sources */,
				43C783E41FD71C2B0074C5D5 /* AppDelegate.m in Sources */,
				43C783E71FD71C2B0074C5D5 /* FirstViewController.m in Sources */,
				1405ABBD1FD9898200115275 /* FourthViewController.m in Sources */,
				4345BD7B1FDAAE1F0011D3F1 /* FifthViewController.m in Sources */,
				43C783E11FD71C2B0074C5D5 /* main.m in Sources */,
			);
			runOnlyForDeploymentPostprocessing = 0;
		};
		43C783F41FD71C2B0074C5D5 /* Sources */ = {
			isa = PBXSourcesBuildPhase;
			buildActionMask = 2147483647;
			files = (
				43C783FD1FD71C2B0074C5D5 /* BudgetAppTests.m in Sources */,
			);
			runOnlyForDeploymentPostprocessing = 0;
		};
		43C783FF1FD71C2B0074C5D5 /* Sources */ = {
			isa = PBXSourcesBuildPhase;
			buildActionMask = 2147483647;
			files = (
				43C784081FD71C2B0074C5D5 /* BudgetAppUITests.m in Sources */,
			);
			runOnlyForDeploymentPostprocessing = 0;
		};
/* End PBXSourcesBuildPhase section */

/* Begin PBXTargetDependency section */
		43C783FA1FD71C2B0074C5D5 /* PBXTargetDependency */ = {
			isa = PBXTargetDependency;
			target = 43C783DB1FD71C2B0074C5D5 /* BudgetApp */;
			targetProxy = 43C783F91FD71C2B0074C5D5 /* PBXContainerItemProxy */;
		};
		43C784051FD71C2B0074C5D5 /* PBXTargetDependency */ = {
			isa = PBXTargetDependency;
			target = 43C783DB1FD71C2B0074C5D5 /* BudgetApp */;
			targetProxy = 43C784041FD71C2B0074C5D5 /* PBXContainerItemProxy */;
		};
/* End PBXTargetDependency section */

/* Begin PBXVariantGroup section */
		43C783EB1FD71C2B0074C5D5 /* Main.storyboard */ = {
			isa = PBXVariantGroup;
			children = (
				43C783EC1FD71C2B0074C5D5 /* Base */,
			);
			name = Main.storyboard;
			sourceTree = "<group>";
		};
		43C783F01FD71C2B0074C5D5 /* LaunchScreen.storyboard */ = {
			isa = PBXVariantGroup;
			children = (
				43C783F11FD71C2B0074C5D5 /* Base */,
			);
			name = LaunchScreen.storyboard;
			sourceTree = "<group>";
		};
/* End PBXVariantGroup section */

/* Begin XCBuildConfiguration section */
		43C7840A1FD71C2B0074C5D5 /* Debug */ = {
			isa = XCBuildConfiguration;
			buildSettings = {
				ALWAYS_SEARCH_USER_PATHS = NO;
				CLANG_ANALYZER_NONNULL = YES;
				CLANG_CXX_LANGUAGE_STANDARD = "gnu++0x";
				CLANG_CXX_LIBRARY = "libc++";
				CLANG_ENABLE_MODULES = YES;
				CLANG_ENABLE_OBJC_ARC = YES;
				CLANG_WARN_BOOL_CONVERSION = YES;
				CLANG_WARN_CONSTANT_CONVERSION = YES;
				CLANG_WARN_DIRECT_OBJC_ISA_USAGE = YES_ERROR;
				CLANG_WARN_DOCUMENTATION_COMMENTS = YES;
				CLANG_WARN_EMPTY_BODY = YES;
				CLANG_WARN_ENUM_CONVERSION = YES;
				CLANG_WARN_INFINITE_RECURSION = YES;
				CLANG_WARN_INT_CONVERSION = YES;
				CLANG_WARN_OBJC_ROOT_CLASS = YES_ERROR;
				CLANG_WARN_SUSPICIOUS_MOVES = YES;
				CLANG_WARN_UNREACHABLE_CODE = YES;
				CLANG_WARN__DUPLICATE_METHOD_MATCH = YES;
				"CODE_SIGN_IDENTITY[sdk=iphoneos*]" = "iPhone Developer";
				COPY_PHASE_STRIP = NO;
				DEBUG_INFORMATION_FORMAT = dwarf;
				ENABLE_STRICT_OBJC_MSGSEND = YES;
				ENABLE_TESTABILITY = YES;
				GCC_C_LANGUAGE_STANDARD = gnu99;
				GCC_DYNAMIC_NO_PIC = NO;
				GCC_NO_COMMON_BLOCKS = YES;
				GCC_OPTIMIZATION_LEVEL = 0;
				GCC_PREPROCESSOR_DEFINITIONS = (
					"DEBUG=1",
					"$(inherited)",
				);
				GCC_WARN_64_TO_32_BIT_CONVERSION = YES;
				GCC_WARN_ABOUT_RETURN_TYPE = YES_ERROR;
				GCC_WARN_UNDECLARED_SELECTOR = YES;
				GCC_WARN_UNINITIALIZED_AUTOS = YES_AGGRESSIVE;
				GCC_WARN_UNUSED_FUNCTION = YES;
				GCC_WARN_UNUSED_VARIABLE = YES;
				IPHONEOS_DEPLOYMENT_TARGET = 10.0;
				MTL_ENABLE_DEBUG_INFO = YES;
				ONLY_ACTIVE_ARCH = YES;
				SDKROOT = iphoneos;
				TARGETED_DEVICE_FAMILY = "1,2";
			};
			name = Debug;
		};
		43C7840B1FD71C2B0074C5D5 /* Release */ = {
			isa = XCBuildConfiguration;
			buildSettings = {
				ALWAYS_SEARCH_USER_PATHS = NO;
				CLANG_ANALYZER_NONNULL = YES;
				CLANG_CXX_LANGUAGE_STANDARD = "gnu++0x";
				CLANG_CXX_LIBRARY = "libc++";
				CLANG_ENABLE_MODULES = YES;
				CLANG_ENABLE_OBJC_ARC = YES;
				CLANG_WARN_BOOL_CONVERSION = YES;
				CLANG_WARN_CONSTANT_CONVERSION = YES;
				CLANG_WARN_DIRECT_OBJC_ISA_USAGE = YES_ERROR;
				CLANG_WARN_DOCUMENTATION_COMMENTS = YES;
				CLANG_WARN_EMPTY_BODY = YES;
				CLANG_WARN_ENUM_CONVERSION = YES;
				CLANG_WARN_INFINITE_RECURSION = YES;
				CLANG_WARN_INT_CONVERSION = YES;
				CLANG_WARN_OBJC_ROOT_CLASS = YES_ERROR;
				CLANG_WARN_SUSPICIOUS_MOVES = YES;
				CLANG_WARN_UNREACHABLE_CODE = YES;
				CLANG_WARN__DUPLICATE_METHOD_MATCH = YES;
				"CODE_SIGN_IDENTITY[sdk=iphoneos*]" = "iPhone Developer";
				COPY_PHASE_STRIP = NO;
				DEBUG_INFORMATION_FORMAT = "dwarf-with-dsym";
				ENABLE_NS_ASSERTIONS = NO;
				ENABLE_STRICT_OBJC_MSGSEND = YES;
				GCC_C_LANGUAGE_STANDARD = gnu99;
				GCC_NO_COMMON_BLOCKS = YES;
				GCC_WARN_64_TO_32_BIT_CONVERSION = YES;
				GCC_WARN_ABOUT_RETURN_TYPE = YES_ERROR;
				GCC_WARN_UNDECLARED_SELECTOR = YES;
				GCC_WARN_UNINITIALIZED_AUTOS = YES_AGGRESSIVE;
				GCC_WARN_UNUSED_FUNCTION = YES;
				GCC_WARN_UNUSED_VARIABLE = YES;
				IPHONEOS_DEPLOYMENT_TARGET = 10.0;
				MTL_ENABLE_DEBUG_INFO = NO;
				SDKROOT = iphoneos;
				TARGETED_DEVICE_FAMILY = "1,2";
				VALIDATE_PRODUCT = YES;
			};
			name = Release;
		};
		43C7840D1FD71C2B0074C5D5 /* Debug */ = {
			isa = XCBuildConfiguration;
			buildSettings = {
				ASSETCATALOG_COMPILER_APPICON_NAME = AppIcon;
				INFOPLIST_FILE = BudgetApp/Info.plist;
				LD_RUNPATH_SEARCH_PATHS = "$(inherited) @executable_path/Frameworks";
				PRODUCT_BUNDLE_IDENTIFIER = uk.ac.leeds.BudgetApp;
				PRODUCT_NAME = "$(TARGET_NAME)";
			};
			name = Debug;
		};
		43C7840E1FD71C2B0074C5D5 /* Release */ = {
			isa = XCBuildConfiguration;
			buildSettings = {
				ASSETCATALOG_COMPILER_APPICON_NAME = AppIcon;
				INFOPLIST_FILE = BudgetApp/Info.plist;
				LD_RUNPATH_SEARCH_PATHS = "$(inherited) @executable_path/Frameworks";
				PRODUCT_BUNDLE_IDENTIFIER = uk.ac.leeds.BudgetApp;
				PRODUCT_NAME = "$(TARGET_NAME)";
			};
			name = Release;
		};
		43C784101FD71C2B0074C5D5 /* Debug */ = {
			isa = XCBuildConfiguration;
			buildSettings = {
				BUNDLE_LOADER = "$(TEST_HOST)";
				INFOPLIST_FILE = BudgetAppTests/Info.plist;
				LD_RUNPATH_SEARCH_PATHS = "$(inherited) @executable_path/Frameworks @loader_path/Frameworks";
				PRODUCT_BUNDLE_IDENTIFIER = uk.ac.leeds.BudgetAppTests;
				PRODUCT_NAME = "$(TARGET_NAME)";
				TEST_HOST = "$(BUILT_PRODUCTS_DIR)/BudgetApp.app/BudgetApp";
			};
			name = Debug;
		};
		43C784111FD71C2B0074C5D5 /* Release */ = {
			isa = XCBuildConfiguration;
			buildSettings = {
				BUNDLE_LOADER = "$(TEST_HOST)";
				INFOPLIST_FILE = BudgetAppTests/Info.plist;
				LD_RUNPATH_SEARCH_PATHS = "$(inherited) @executable_path/Frameworks @loader_path/Frameworks";
				PRODUCT_BUNDLE_IDENTIFIER = uk.ac.leeds.BudgetAppTests;
				PRODUCT_NAME = "$(TARGET_NAME)";
				TEST_HOST = "$(BUILT_PRODUCTS_DIR)/BudgetApp.app/BudgetApp";
			};
			name = Release;
		};
		43C784131FD71C2B0074C5D5 /* Debug */ = {
			isa = XCBuildConfiguration;
			buildSettings = {
				INFOPLIST_FILE = BudgetAppUITests/Info.plist;
				LD_RUNPATH_SEARCH_PATHS = "$(inherited) @executable_path/Frameworks @loader_path/Frameworks";
				PRODUCT_BUNDLE_IDENTIFIER = uk.ac.leeds.BudgetAppUITests;
				PRODUCT_NAME = "$(TARGET_NAME)";
				TEST_TARGET_NAME = BudgetApp;
			};
			name = Debug;
		};
		43C784141FD71C2B0074C5D5 /* Release */ = {
			isa = XCBuildConfiguration;
			buildSettings = {
				INFOPLIST_FILE = BudgetAppUITests/Info.plist;
				LD_RUNPATH_SEARCH_PATHS = "$(inherited) @executable_path/Frameworks @loader_path/Frameworks";
				PRODUCT_BUNDLE_IDENTIFIER = uk.ac.leeds.BudgetAppUITests;
				PRODUCT_NAME = "$(TARGET_NAME)";
				TEST_TARGET_NAME = BudgetApp;
			};
			name = Release;
		};
/* End XCBuildConfiguration section */

/* Begin XCConfigurationList section */
		43C783D71FD71C2B0074C5D5 /* Build configuration list for PBXProject "BudgetApp" */ = {
			isa = XCConfigurationList;
			buildConfigurations = (
				43C7840A1FD71C2B0074C5D5 /* Debug */,
				43C7840B1FD71C2B0074C5D5 /* Release */,
			);
			defaultConfigurationIsVisible = 0;
			defaultConfigurationName = Release;
		};
		43C7840C1FD71C2B0074C5D5 /* Build configuration list for PBXNativeTarget "BudgetApp" */ = {
			isa = XCConfigurationList;
			buildConfigurations = (
				43C7840D1FD71C2B0074C5D5 /* Debug */,
				43C7840E1FD71C2B0074C5D5 /* Release */,
			);
			defaultConfigurationIsVisible = 0;
			defaultConfigurationName = Release;
		};
		43C7840F1FD71C2B0074C5D5 /* Build configuration list for PBXNativeTarget "BudgetAppTests" */ = {
			isa = XCConfigurationList;
			buildConfigurations = (
				43C784101FD71C2B0074C5D5 /* Debug */,
				43C784111FD71C2B0074C5D5 /* Release */,
			);
			defaultConfigurationIsVisible = 0;
			defaultConfigurationName = Release;
		};
		43C784121FD71C2B0074C5D5 /* Build configuration list for PBXNativeTarget "BudgetAppUITests" */ = {
			isa = XCConfigurationList;
			buildConfigurations = (
				43C784131FD71C2B0074C5D5 /* Debug */,
				43C784141FD71C2B0074C5D5 /* Release */,
			);
			defaultConfigurationIsVisible = 0;
			defaultConfigurationName = Release;
		};
/* End XCConfigurationList section */
	};
	rootObject = 43C783D41FD71C2B0074C5D5 /* Project object */;
}
